{
    "_readme": [
        "This file locks the dependencies of your project to a known state",
        "Read more about it at https://getcomposer.org/doc/01-basic-usage.md#composer-lock-the-lock-file",
        "This file is @generated automatically"
    ],
    "content-hash": "fcf53e97225f42b9b9f86fe3ae97fd40",
    "packages": [
        {
            "name": "lionar/ioc",
            "version": "dev-master",
            "source": {
                "type": "git",
                "url": "https://github.com/lionar/ioc.git",
                "reference": "eb8649c41eeefe3d41a2f57d0ff71eb85df66241"
            },
            "dist": {
                "type": "zip",
                "url": "https://api.github.com/repos/lionar/ioc/zipball/eb8649c41eeefe3d41a2f57d0ff71eb85df66241",
                "reference": "eb8649c41eeefe3d41a2f57d0ff71eb85df66241",
                "shasum": ""
            },
            "type": "library",
            "autoload": {
                "psr-4": {
                    "ioc\\": "source"
                }
            },
            "notification-url": "https://packagist.org/downloads/",
            "license": [
                "MIT"
            ],
            "authors": [
                {
                    "name": "Aron Wouters",
                    "email": "lionar@mail.com",
                    "role": "Developer"
                }
            ],
            "description": "Ultimate basic IOC container.",
            "keywords": [
                "basic",
                "ioc",
                "lionar"
            ],
            "time": "2017-06-20T10:53:42+00:00"
        },
        {
            "name": "lionar/path",
            "version": "dev-master",
            "source": {
                "type": "git",
                "url": "https://github.com/lionar-php/path.git",
                "reference": "adfb92bc17315078d93eca0aa358afcaf4f7413b"
            },
            "dist": {
                "type": "zip",
                "url": "https://api.github.com/repos/lionar-php/path/zipball/adfb92bc17315078d93eca0aa358afcaf4f7413b",
                "reference": "adfb92bc17315078d93eca0aa358afcaf4f7413b",
                "shasum": ""
            },
            "type": "library",
            "autoload": {
                "psr-4": {
                    "Path\\": "source"
                }
            },
            "notification-url": "https://packagist.org/downloads/",
            "license": [
                "MIT"
            ],
            "authors": [
                {
                    "name": "Aron Wouters",
                    "email": "lionar@mail.com",
                    "role": "Developer"
                }
            ],
            "description": "Simple path collection.",
            "keywords": [
                "lionar",
                "path"
            ],
            "time": "2017-05-18T12:55:06+00:00"
        }
    ],
    "packages-dev": [],
    "aliases": [],
    "minimum-stability": "dev",
    "stability-flags": [],
    "prefer-stable": false,
    "prefer-lowest": false,
    "platform": [],
    "platform-dev": []
}
